<Solution>
  <Configurations>
    <Platform Name="Any CPU" />
    <Platform Name="ARM" />
    <Platform Name="ARM64" />
    <Platform Name="x64" />
  </Configurations>
  <Project Path="EdgeAI-ObjectDetection/EdgeAI-ObjectDetection.csproj" Id="1d16dbcc-292f-423d-937e-44314912900b">
    <Platform Solution="*|Any CPU" Project="x64" />
    <Platform Solution="*|ARM" Project="x64" />
    <Platform Solution="*|ARM64" Project="ARM64" />
    <Platform Solution="*|x64" Project="x64" />
    <Deploy />
  </Project>
  <Project Path="EdgeAIKiosk.Tests/EdgeAIKiosk.Tests.csproj">
    <Platform Solution="*|ARM64" Project="ARM64" />
    <Platform Solution="*|x64" Project="x64" />
  </Project>
  <Project Path="EdgeAI-ObjectDetection.Tests/EdgeAI-ObjectDetection.Tests.csproj">
    <Platform Solution="*|Any CPU" Project="x64" />
    <Platform Solution="*|ARM" Project="x64" />
    <Platform Solution="*|ARM64" Project="ARM64" />
    <Platform Solution="*|x64" Project="x64" />
  </Project>
  <Project Path="EdgeAIKiosk/EdgeAIKiosk.csproj">
    <Platform Solution="*|Any CPU" Project="x64" />
    <Platform Solution="*|ARM" Project="x64" />
    <Platform Solution="*|ARM64" Project="ARM64" />
    <Platform Solution="*|x64" Project="x64" />
    <Deploy />
  </Project>
</Solution>
